
Microsoft Visual Studio Solution File, Format Version 12.00
# Visual Studio 2013
VisualStudioVersion = 12.0.21005.1
MinimumVisualStudioVersion = 10.0.40219.1
Project("{FAE04EC0-301F-11D3-BF4B-00C04F79EFBC}") = "EF.Model", "EF.Model\EF.Model.csproj", "{616A917B-EAE7-4DBE-9867-39950700BD50}"
EndProject
Project("{FAE04EC0-301F-11D3-BF4B-00C04F79EFBC}") = "EF.CFSqlserver", "EF.CFSqlserver\EF.CFSqlserver.csproj", "{9F22973B-2CCE-4E4E-850C-335E2F75094C}"
EndProject
Project("{FAE04EC0-301F-11D3-BF4B-00C04F79EFBC}") = "EF.CFLocalDB", "EF.CFLocalDB\EF.CFLocalDB.csproj", "{2EA895A2-9C54-49C2-839C-7E0B8EC080C5}"
EndProject
Project("{FAE04EC0-301F-11D3-BF4B-00C04F79EFBC}") = "EF.CFMySql", "EF.CFMySql\EF.CFMySql.csproj", "{BC9DD3F3-0C68-40D7-A341-2CA3769D2178}"
EndProject
Project("{FAE04EC0-301F-11D3-BF4B-00C04F79EFBC}") = "EF.CFPostgreSQL", "EF.CFPostgreSQL\EF.CFPostgreSQL.csproj", "{2F493AC6-32D5-48C7-94EE-529D5AE295DB}"
EndProject
Project("{FAE04EC0-301F-11D3-BF4B-00C04F79EFBC}") = "EF.CFSQLite", "EF.CFSQLite\EF.CFSQLite.csproj", "{D80251FC-A78A-4C9F-9366-B411CD124E03}"
EndProject
Project("{FAE04EC0-301F-11D3-BF4B-00C04F79EFBC}") = "EF.CFOracle", "EF.CFOracle\EF.CFOracle.csproj", "{DBDF81EE-B0FC-4E82-868E-7A9771262318}"
EndProject
Project("{FAE04EC0-301F-11D3-BF4B-00C04F79EFBC}") = "EF.CFMongoDB", "EF.CFMongoDB\EF.CFMongoDB.csproj", "{3F415A52-ECF0-4F0D-BA02-06401C42D16C}"
EndProject
Project("{2150E333-8FDC-42A3-9474-1A3956D46DE8}") = "01Infrastructure", "01Infrastructure", "{29934B52-AFEE-4931-8EB3-5335192C75A7}"
EndProject
Project("{2150E333-8FDC-42A3-9474-1A3956D46DE8}") = "10.Presentation", "10.Presentation", "{C27EFF5D-C25C-4A10-9353-786A6723F3ED}"
EndProject
Project("{FAE04EC0-301F-11D3-BF4B-00C04F79EFBC}") = "EF.Reference", "EF.Reference\EF.Reference.csproj", "{D037644B-8F37-4AAB-B970-ED9EA176960D}"
EndProject
Project("{2150E333-8FDC-42A3-9474-1A3956D46DE8}") = "Documents", "Documents", "{09CC1E23-AEA5-489E-A394-DCE1E04A100B}"
	ProjectSection(SolutionItems) = preProject
		update table struct.txt = update table struct.txt
	EndProjectSection
EndProject
Project("{FAE04EC0-301F-11D3-BF4B-00C04F79EFBC}") = "EF.ModelExtend", "EF.ModelExtend\EF.ModelExtend.csproj", "{4541BB8C-9F4C-44B3-9292-8C05904EF5FF}"
EndProject
Global
	GlobalSection(SolutionConfigurationPlatforms) = preSolution
		Debug|Any CPU = Debug|Any CPU
		Release|Any CPU = Release|Any CPU
	EndGlobalSection
	GlobalSection(ProjectConfigurationPlatforms) = postSolution
		{616A917B-EAE7-4DBE-9867-39950700BD50}.Debug|Any CPU.ActiveCfg = Debug|Any CPU
		{616A917B-EAE7-4DBE-9867-39950700BD50}.Debug|Any CPU.Build.0 = Debug|Any CPU
		{616A917B-EAE7-4DBE-9867-39950700BD50}.Release|Any CPU.ActiveCfg = Release|Any CPU
		{616A917B-EAE7-4DBE-9867-39950700BD50}.Release|Any CPU.Build.0 = Release|Any CPU
		{9F22973B-2CCE-4E4E-850C-335E2F75094C}.Debug|Any CPU.ActiveCfg = Debug|Any CPU
		{9F22973B-2CCE-4E4E-850C-335E2F75094C}.Debug|Any CPU.Build.0 = Debug|Any CPU
		{9F22973B-2CCE-4E4E-850C-335E2F75094C}.Release|Any CPU.ActiveCfg = Release|Any CPU
		{9F22973B-2CCE-4E4E-850C-335E2F75094C}.Release|Any CPU.Build.0 = Release|Any CPU
		{2EA895A2-9C54-49C2-839C-7E0B8EC080C5}.Debug|Any CPU.ActiveCfg = Debug|Any CPU
		{2EA895A2-9C54-49C2-839C-7E0B8EC080C5}.Debug|Any CPU.Build.0 = Debug|Any CPU
		{2EA895A2-9C54-49C2-839C-7E0B8EC080C5}.Release|Any CPU.ActiveCfg = Release|Any CPU
		{2EA895A2-9C54-49C2-839C-7E0B8EC080C5}.Release|Any CPU.Build.0 = Release|Any CPU
		{BC9DD3F3-0C68-40D7-A341-2CA3769D2178}.Debug|Any CPU.ActiveCfg = Debug|Any CPU
		{BC9DD3F3-0C68-40D7-A341-2CA3769D2178}.Debug|Any CPU.Build.0 = Debug|Any CPU
		{BC9DD3F3-0C68-40D7-A341-2CA3769D2178}.Release|Any CPU.ActiveCfg = Release|Any CPU
		{BC9DD3F3-0C68-40D7-A341-2CA3769D2178}.Release|Any CPU.Build.0 = Release|Any CPU
		{2F493AC6-32D5-48C7-94EE-529D5AE295DB}.Debug|Any CPU.ActiveCfg = Debug|Any CPU
		{2F493AC6-32D5-48C7-94EE-529D5AE295DB}.Debug|Any CPU.Build.0 = Debug|Any CPU
		{2F493AC6-32D5-48C7-94EE-529D5AE295DB}.Release|Any CPU.ActiveCfg = Release|Any CPU
		{2F493AC6-32D5-48C7-94EE-529D5AE295DB}.Release|Any CPU.Build.0 = Release|Any CPU
		{D80251FC-A78A-4C9F-9366-B411CD124E03}.Debug|Any CPU.ActiveCfg = Debug|Any CPU
		{D80251FC-A78A-4C9F-9366-B411CD124E03}.Debug|Any CPU.Build.0 = Debug|Any CPU
		{D80251FC-A78A-4C9F-9366-B411CD124E03}.Release|Any CPU.ActiveCfg = Release|Any CPU
		{D80251FC-A78A-4C9F-9366-B411CD124E03}.Release|Any CPU.Build.0 = Release|Any CPU
		{DBDF81EE-B0FC-4E82-868E-7A9771262318}.Debug|Any CPU.ActiveCfg = Debug|Any CPU
		{DBDF81EE-B0FC-4E82-868E-7A9771262318}.Debug|Any CPU.Build.0 = Debug|Any CPU
		{DBDF81EE-B0FC-4E82-868E-7A9771262318}.Release|Any CPU.ActiveCfg = Release|Any CPU
		{DBDF81EE-B0FC-4E82-868E-7A9771262318}.Release|Any CPU.Build.0 = Release|Any CPU
		{3F415A52-ECF0-4F0D-BA02-06401C42D16C}.Debug|Any CPU.ActiveCfg = Debug|Any CPU
		{3F415A52-ECF0-4F0D-BA02-06401C42D16C}.Debug|Any CPU.Build.0 = Debug|Any CPU
		{3F415A52-ECF0-4F0D-BA02-06401C42D16C}.Release|Any CPU.ActiveCfg = Release|Any CPU
		{3F415A52-ECF0-4F0D-BA02-06401C42D16C}.Release|Any CPU.Build.0 = Release|Any CPU
		{D037644B-8F37-4AAB-B970-ED9EA176960D}.Debug|Any CPU.ActiveCfg = Debug|Any CPU
		{D037644B-8F37-4AAB-B970-ED9EA176960D}.Debug|Any CPU.Build.0 = Debug|Any CPU
		{D037644B-8F37-4AAB-B970-ED9EA176960D}.Release|Any CPU.ActiveCfg = Release|Any CPU
		{D037644B-8F37-4AAB-B970-ED9EA176960D}.Release|Any CPU.Build.0 = Release|Any CPU
		{4541BB8C-9F4C-44B3-9292-8C05904EF5FF}.Debug|Any CPU.ActiveCfg = Debug|Any CPU
		{4541BB8C-9F4C-44B3-9292-8C05904EF5FF}.Debug|Any CPU.Build.0 = Debug|Any CPU
		{4541BB8C-9F4C-44B3-9292-8C05904EF5FF}.Release|Any CPU.ActiveCfg = Release|Any CPU
		{4541BB8C-9F4C-44B3-9292-8C05904EF5FF}.Release|Any CPU.Build.0 = Release|Any CPU
	EndGlobalSection
	GlobalSection(SolutionProperties) = preSolution
		HideSolutionNode = FALSE
	EndGlobalSection
	GlobalSection(NestedProjects) = preSolution
		{616A917B-EAE7-4DBE-9867-39950700BD50} = {29934B52-AFEE-4931-8EB3-5335192C75A7}
		{D037644B-8F37-4AAB-B970-ED9EA176960D} = {29934B52-AFEE-4931-8EB3-5335192C75A7}
		{4541BB8C-9F4C-44B3-9292-8C05904EF5FF} = {29934B52-AFEE-4931-8EB3-5335192C75A7}
		{2EA895A2-9C54-49C2-839C-7E0B8EC080C5} = {C27EFF5D-C25C-4A10-9353-786A6723F3ED}
		{BC9DD3F3-0C68-40D7-A341-2CA3769D2178} = {C27EFF5D-C25C-4A10-9353-786A6723F3ED}
		{2F493AC6-32D5-48C7-94EE-529D5AE295DB} = {C27EFF5D-C25C-4A10-9353-786A6723F3ED}
		{D80251FC-A78A-4C9F-9366-B411CD124E03} = {C27EFF5D-C25C-4A10-9353-786A6723F3ED}
		{DBDF81EE-B0FC-4E82-868E-7A9771262318} = {C27EFF5D-C25C-4A10-9353-786A6723F3ED}
		{3F415A52-ECF0-4F0D-BA02-06401C42D16C} = {C27EFF5D-C25C-4A10-9353-786A6723F3ED}
		{9F22973B-2CCE-4E4E-850C-335E2F75094C} = {C27EFF5D-C25C-4A10-9353-786A6723F3ED}
	EndGlobalSection
EndGlobal
